// !$*UTF8*$!
{
	archiveVersion = 1;
	classes = {
	};
	objectVersion = 46;
	objects = {

/* Begin PBXBuildFile section */
		D493F57D13B8E402006F9EF2 /* NSTextView_VI.m in Sources */ = {isa = PBXBuildFile; fileRef = D493F57B13B8E402006F9EF2 /* NSTextView_VI.m */; };
		D4C1E17013C3BF8C000A4DD0 /* viXcode4_Window.xib in Resources */ = {isa = PBXBuildFile; fileRef = D4C1E16F13C3BF8C000A4DD0 /* viXcode4_Window.xib */; };
		D4F3BD8313B8DEA700754B73 /* Cocoa.framework in Frameworks */ = {isa = PBXBuildFile; fileRef = D4F3BD8213B8DEA700754B73 /* Cocoa.framework */; };
		D4F3BD8D13B8DEA700754B73 /* InfoPlist.strings in Resources */ = {isa = PBXBuildFile; fileRef = D4F3BD8B13B8DEA700754B73 /* InfoPlist.strings */; };
		D4F3BD9613B8DF0E00754B73 /* viXcode4.m in Sources */ = {isa = PBXBuildFile; fileRef = D4F3BD9513B8DF0E00754B73 /* viXcode4.m */; };
/* End PBXBuildFile section */

/* Begin PBXFileReference section */
		D493F57B13B8E402006F9EF2 /* NSTextView_VI.m */ = {isa = PBXFileReference; fileEncoding = 4; lastKnownFileType = sourcecode.c.objc; path = NSTextView_VI.m; sourceTree = "<group>"; };
		D493F57C13B8E402006F9EF2 /* NSTextView_VI.h */ = {isa = PBXFileReference; fileEncoding = 4; lastKnownFileType = sourcecode.c.h; path = NSTextView_VI.h; sourceTree = "<group>"; };
		D4C1E16F13C3BF8C000A4DD0 /* viXcode4_Window.xib */ = {isa = PBXFileReference; fileEncoding = 4; lastKnownFileType = file.xib; path = viXcode4_Window.xib; sourceTree = "<group>"; };
		D4F3BD7F13B8DEA700754B73 /* viXcode4.bundle */ = {isa = PBXFileReference; explicitFileType = wrapper.cfbundle; includeInIndex = 0; path = viXcode4.bundle; sourceTree = BUILT_PRODUCTS_DIR; };
		D4F3BD8213B8DEA700754B73 /* Cocoa.framework */ = {isa = PBXFileReference; lastKnownFileType = wrapper.framework; name = Cocoa.framework; path = System/Library/Frameworks/Cocoa.framework; sourceTree = SDKROOT; };
		D4F3BD8513B8DEA700754B73 /* AppKit.framework */ = {isa = PBXFileReference; lastKnownFileType = wrapper.framework; name = AppKit.framework; path = System/Library/Frameworks/AppKit.framework; sourceTree = SDKROOT; };
		D4F3BD8613B8DEA700754B73 /* CoreData.framework */ = {isa = PBXFileReference; lastKnownFileType = wrapper.framework; name = CoreData.framework; path = System/Library/Frameworks/CoreData.framework; sourceTree = SDKROOT; };
		D4F3BD8713B8DEA700754B73 /* Foundation.framework */ = {isa = PBXFileReference; lastKnownFileType = wrapper.framework; name = Foundation.framework; path = System/Library/Frameworks/Foundation.framework; sourceTree = SDKROOT; };
		D4F3BD8A13B8DEA700754B73 /* viXcode4-Info.plist */ = {isa = PBXFileReference; lastKnownFileType = text.plist.xml; path = "viXcode4-Info.plist"; sourceTree = "<group>"; };
		D4F3BD8C13B8DEA700754B73 /* en */ = {isa = PBXFileReference; lastKnownFileType = text.plist.strings; name = en; path = en.lproj/InfoPlist.strings; sourceTree = "<group>"; };
		D4F3BD8E13B8DEA700754B73 /* viXcode4-Prefix.pch */ = {isa = PBXFileReference; lastKnownFileType = sourcecode.c.h; path = "viXcode4-Prefix.pch"; sourceTree = "<group>"; };
		D4F3BD9413B8DF0E00754B73 /* viXcode4.h */ = {isa = PBXFileReference; fileEncoding = 4; lastKnownFileType = sourcecode.c.h; path = viXcode4.h; sourceTree = "<group>"; };
		D4F3BD9513B8DF0E00754B73 /* viXcode4.m */ = {isa = PBXFileReference; fileEncoding = 4; lastKnownFileType = sourcecode.c.objc; path = viXcode4.m; sourceTree = "<group>"; };
/* End PBXFileReference section */

/* Begin PBXFrameworksBuildPhase section */
		D4F3BD7C13B8DEA700754B73 /* Frameworks */ = {
			isa = PBXFrameworksBuildPhase;
			buildActionMask = 2147483647;
			files = (
				D4F3BD8313B8DEA700754B73 /* Cocoa.framework in Frameworks */,
			);
			runOnlyForDeploymentPostprocessing = 0;
		};
/* End PBXFrameworksBuildPhase section */

/* Begin PBXGroup section */
		D4F3BD7413B8DEA700754B73 = {
			isa = PBXGroup;
			children = (
				D4F3BD8813B8DEA700754B73 /* viXcode4 */,
				D4F3BD8113B8DEA700754B73 /* Frameworks */,
				D4F3BD8013B8DEA700754B73 /* Products */,
			);
			sourceTree = "<group>";
		};
		D4F3BD8013B8DEA700754B73 /* Products */ = {
			isa = PBXGroup;
			children = (
				D4F3BD7F13B8DEA700754B73 /* viXcode4.bundle */,
			);
			name = Products;
			sourceTree = "<group>";
		};
		D4F3BD8113B8DEA700754B73 /* Frameworks */ = {
			isa = PBXGroup;
			children = (
				D4F3BD8213B8DEA700754B73 /* Cocoa.framework */,
				D4F3BD8413B8DEA700754B73 /* Other Frameworks */,
			);
			name = Frameworks;
			sourceTree = "<group>";
		};
		D4F3BD8413B8DEA700754B73 /* Other Frameworks */ = {
			isa = PBXGroup;
			children = (
				D4F3BD8513B8DEA700754B73 /* AppKit.framework */,
				D4F3BD8613B8DEA700754B73 /* CoreData.framework */,
				D4F3BD8713B8DEA700754B73 /* Foundation.framework */,
			);
			name = "Other Frameworks";
			sourceTree = "<group>";
		};
		D4F3BD8813B8DEA700754B73 /* viXcode4 */ = {
			isa = PBXGroup;
			children = (
				D493F57B13B8E402006F9EF2 /* NSTextView_VI.m */,
				D493F57C13B8E402006F9EF2 /* NSTextView_VI.h */,
				D4F3BD8A13B8DEA700754B73 /* viXcode4-Info.plist */,
				D4F3BD8B13B8DEA700754B73 /* InfoPlist.strings */,
				D4F3BD8E13B8DEA700754B73 /* viXcode4-Prefix.pch */,
				D4F3BD9413B8DF0E00754B73 /* viXcode4.h */,
				D4F3BD9513B8DF0E00754B73 /* viXcode4.m */,
				D4C1E16F13C3BF8C000A4DD0 /* viXcode4_Window.xib */,
			);
			path = viXcode4;
			sourceTree = "<group>";
		};
/* End PBXGroup section */

/* Begin PBXNativeTarget section */
		D4F3BD7E13B8DEA700754B73 /* viXcode4 */ = {
			isa = PBXNativeTarget;
			buildConfigurationList = D4F3BD9113B8DEA700754B73 /* Build configuration list for PBXNativeTarget "viXcode4" */;
			buildPhases = (
				D4F3BD7B13B8DEA700754B73 /* Sources */,
				D4F3BD7C13B8DEA700754B73 /* Frameworks */,
				D4F3BD7D13B8DEA700754B73 /* Resources */,
			);
			buildRules = (
			);
			dependencies = (
			);
			name = viXcode4;
			productName = viXcode4;
			productReference = D4F3BD7F13B8DEA700754B73 /* viXcode4.bundle */;
			productType = "com.apple.product-type.bundle";
		};
/* End PBXNativeTarget section */

/* Begin PBXProject section */
		D4F3BD7613B8DEA700754B73 /* Project object */ = {
			isa = PBXProject;
			buildConfigurationList = D4F3BD7913B8DEA700754B73 /* Build configuration list for PBXProject "viXcode4" */;
			compatibilityVersion = "Xcode 3.2";
			developmentRegion = English;
			hasScannedForEncodings = 0;
			knownRegions = (
				en,
			);
			mainGroup = D4F3BD7413B8DEA700754B73;
			productRefGroup = D4F3BD8013B8DEA700754B73 /* Products */;
			projectDirPath = "";
			projectRoot = "";
			targets = (
				D4F3BD7E13B8DEA700754B73 /* viXcode4 */,
			);
		};
/* End PBXProject section */

/* Begin PBXResourcesBuildPhase section */
		D4F3BD7D13B8DEA700754B73 /* Resources */ = {
			isa = PBXResourcesBuildPhase;
			buildActionMask = 2147483647;
			files = (
				D4F3BD8D13B8DEA700754B73 /* InfoPlist.strings in Resources */,
				D4C1E17013C3BF8C000A4DD0 /* viXcode4_Window.xib in Resources */,
			);
			runOnlyForDeploymentPostprocessing = 0;
		};
/* End PBXResourcesBuildPhase section */

/* Begin PBXSourcesBuildPhase section */
		D4F3BD7B13B8DEA700754B73 /* Sources */ = {
			isa = PBXSourcesBuildPhase;
			buildActionMask = 2147483647;
			files = (
				D4F3BD9613B8DF0E00754B73 /* viXcode4.m in Sources */,
				D493F57D13B8E402006F9EF2 /* NSTextView_VI.m in Sources */,
			);
			runOnlyForDeploymentPostprocessing = 0;
		};
/* End PBXSourcesBuildPhase section */

/* Begin PBXVariantGroup section */
		D4F3BD8B13B8DEA700754B73 /* InfoPlist.strings */ = {
			isa = PBXVariantGroup;
			children = (
				D4F3BD8C13B8DEA700754B73 /* en */,
			);
			name = InfoPlist.strings;
			sourceTree = "<group>";
		};
/* End PBXVariantGroup section */

/* Begin XCBuildConfiguration section */
		D4F3BD8F13B8DEA700754B73 /* Debug */ = {
			isa = XCBuildConfiguration;
			buildSettings = {
				ARCHS = "$(ARCHS_STANDARD_32_64_BIT)";
				GCC_C_LANGUAGE_STANDARD = gnu99;
				GCC_OPTIMIZATION_LEVEL = 0;
				GCC_PREPROCESSOR_DEFINITIONS = DEBUG;
				GCC_SYMBOLS_PRIVATE_EXTERN = NO;
				GCC_VERSION = com.apple.compilers.llvm.clang.1_0;
				GCC_WARN_64_TO_32_BIT_CONVERSION = YES;
				GCC_WARN_ABOUT_RETURN_TYPE = YES;
				GCC_WARN_UNUSED_VARIABLE = YES;
				MACOSX_DEPLOYMENT_TARGET = 10.6;
				ONLY_ACTIVE_ARCH = YES;
				SDKROOT = macosx;
			};
			name = Debug;
		};
		D4F3BD9013B8DEA700754B73 /* Release */ = {
			isa = XCBuildConfiguration;
			buildSettings = {
				ARCHS = "$(ARCHS_STANDARD_32_64_BIT)";
				GCC_C_LANGUAGE_STANDARD = gnu99;
				GCC_VERSION = com.apple.compilers.llvm.clang.1_0;
				GCC_WARN_64_TO_32_BIT_CONVERSION = YES;
				GCC_WARN_ABOUT_RETURN_TYPE = YES;
				GCC_WARN_UNUSED_VARIABLE = YES;
				MACOSX_DEPLOYMENT_TARGET = 10.6;
				SDKROOT = macosx;
			};
			name = Release;
		};
		D4F3BD9213B8DEA700754B73 /* Debug */ = {
			isa = XCBuildConfiguration;
			buildSettings = {
				ALWAYS_SEARCH_USER_PATHS = NO;
				COPY_PHASE_STRIP = NO;
				GCC_DYNAMIC_NO_PIC = NO;
				GCC_ENABLE_OBJC_EXCEPTIONS = YES;
				GCC_ENABLE_OBJC_GC = supported;
				GCC_PRECOMPILE_PREFIX_HEADER = YES;
				GCC_PREFIX_HEADER = "viXcode4/viXcode4-Prefix.pch";
				INFOPLIST_FILE = "viXcode4/viXcode4-Info.plist";
				INSTALL_PATH = "$(LOCAL_LIBRARY_DIR)/Bundles";
				OTHER_LDFLAGS = (
					"-undefined",
					suppress,
					"-undefined",
					dynamic_lookup,
				);
				PRODUCT_NAME = "$(TARGET_NAME)";
				WRAPPER_EXTENSION = bundle;
			};
			name = Debug;
		};
		D4F3BD9313B8DEA700754B73 /* Release */ = {
			isa = XCBuildConfiguration;
			buildSettings = {
				ALWAYS_SEARCH_USER_PATHS = NO;
				COPY_PHASE_STRIP = YES;
				DEBUG_INFORMATION_FORMAT = "dwarf-with-dsym";
				GCC_ENABLE_OBJC_EXCEPTIONS = YES;
				GCC_ENABLE_OBJC_GC = supported;
				GCC_PRECOMPILE_PREFIX_HEADER = YES;
				GCC_PREFIX_HEADER = "viXcode4/viXcode4-Prefix.pch";
				INFOPLIST_FILE = "viXcode4/viXcode4-Info.plist";
				INSTALL_PATH = "$(LOCAL_LIBRARY_DIR)/Bundles";
				OTHER_LDFLAGS = (
					"-undefined",
					suppress,
					"-undefined",
					dynamic_lookup,
				);
				PRODUCT_NAME = "$(TARGET_NAME)";
				WRAPPER_EXTENSION = bundle;
			};
			name = Release;
		};
/* End XCBuildConfiguration section */

/* Begin XCConfigurationList section */
		D4F3BD7913B8DEA700754B73 /* Build configuration list for PBXProject "viXcode4" */ = {
			isa = XCConfigurationList;
			buildConfigurations = (
				D4F3BD8F13B8DEA700754B73 /* Debug */,
				D4F3BD9013B8DEA700754B73 /* Release */,
			);
			defaultConfigurationIsVisible = 0;
			defaultConfigurationName = Release;
		};
		D4F3BD9113B8DEA700754B73 /* Build configuration list for PBXNativeTarget "viXcode4" */ = {
			isa = XCConfigurationList;
			buildConfigurations = (
				D4F3BD9213B8DEA700754B73 /* Debug */,
				D4F3BD9313B8DEA700754B73 /* Release */,
			);
			defaultConfigurationIsVisible = 0;
			defaultConfigurationName = Release;
		};
/* End XCConfigurationList section */
	};
	rootObject = D4F3BD7613B8DEA700754B73 /* Project object */;
}
